{
    "_readme": [
        "This file locks the dependencies of your project to a known state",
        "Read more about it at https://getcomposer.org/doc/01-basic-usage.md#installing-dependencies",
        "This file is @generated automatically"
    ],
    "content-hash": "d087489f9a1139924c029ea3cd6c26ff",
    "packages": [],
    "packages-dev": [
        {
            "name": "drupal/coder",
            "version": "dev-8.x-3.x",
            "source": {
                "type": "git",
                "url": "https://git.drupalcode.org/project/coder.git",
                "reference": "18b371d993346f79bbcd1b90ddacd2a80e9f86ed"
            },
            "require": {
                "ext-mbstring": "*",
                "php": ">=7.0.8",
                "sirbrillig/phpcs-variable-analysis": "^2.8",
                "squizlabs/php_codesniffer": "^3.5.6",
                "symfony/yaml": ">=2.0.5"
            },
            "require-dev": {
                "phpstan/phpstan": "^0.12.51",
                "phpunit/phpunit": "^6.0 || ^7.0"
            },
            "default-branch": true,
            "type": "phpcodesniffer-standard",
            "autoload": {
                "psr-4": {
                    "Drupal\\": "coder_sniffer/Drupal/",
                    "DrupalPractice\\": "coder_sniffer/DrupalPractice/"
                }
            },
            "notification-url": "https://packagist.org/downloads/",
            "license": [
                "GPL-2.0-or-later"
            ],
            "description": "Coder is a library to review Drupal code.",
            "homepage": "https://www.drupal.org/project/coder",
            "keywords": [
                "code review",
                "phpcs",
                "standards"
            ],
            "support": {
                "issues": "https://www.drupal.org/project/issues/coder",
                "source": "https://www.drupal.org/project/coder"
            },
            "time": "2020-11-19T21:20:07+00:00"
        },
        {
            "name": "sirbrillig/phpcs-variable-analysis",
            "version": "2.x-dev",
            "source": {
                "type": "git",
                "url": "https://github.com/sirbrillig/phpcs-variable-analysis.git",
                "reference": "0c25aa925ee40a693b70f085a74701754238da5d"
            },
            "dist": {
                "type": "zip",
                "url": "https://api.github.com/repos/sirbrillig/phpcs-variable-analysis/zipball/0c25aa925ee40a693b70f085a74701754238da5d",
                "reference": "0c25aa925ee40a693b70f085a74701754238da5d",
                "shasum": ""
            },
            "require": {
                "php": ">=5.4.0",
                "squizlabs/php_codesniffer": "^3.5"
            },
            "require-dev": {
                "dealerdirect/phpcodesniffer-composer-installer": "^0.7.0",
                "limedeck/phpunit-detailed-printer": "^3.1 || ^4.0 || ^5.0",
                "phpstan/phpstan": "^0.11.8",
                "phpunit/phpunit": "^5.0 || ^6.5 || ^7.0 || ^8.0",
                "sirbrillig/phpcs-import-detection": "^1.1"
            },
            "type": "phpcodesniffer-standard",
            "autoload": {
                "psr-4": {
                    "VariableAnalysis\\": "VariableAnalysis/"
                }
            },
            "notification-url": "https://packagist.org/downloads/",
            "license": [
                "BSD-2-Clause"
            ],
            "authors": [
                {
                    "name": "Sam Graham",
                    "email": "php-codesniffer-variableanalysis@illusori.co.uk"
                },
                {
                    "name": "Payton Swick",
                    "email": "payton@foolord.com"
                }
            ],
            "description": "A PHPCS sniff to detect problems with variables.",
            "support": {
                "issues": "https://github.com/sirbrillig/phpcs-variable-analysis/issues",
                "source": "https://github.com/sirbrillig/phpcs-variable-analysis",
                "wiki": "https://github.com/sirbrillig/phpcs-variable-analysis/wiki"
            },
            "time": "2021-09-27T22:26:41+00:00"
        },
        {
            "name": "squizlabs/php_codesniffer",
            "version": "dev-master",
            "source": {
                "type": "git",
                "url": "https://github.com/squizlabs/PHP_CodeSniffer.git",
                "reference": "f268ca40d54617c6e06757f83f699775c9b3ff2e"
            },
            "dist": {
                "type": "zip",
                "url": "https://api.github.com/repos/squizlabs/PHP_CodeSniffer/zipball/f268ca40d54617c6e06757f83f699775c9b3ff2e",
                "reference": "f268ca40d54617c6e06757f83f699775c9b3ff2e",
                "shasum": ""
            },
            "require": {
                "ext-simplexml": "*",
                "ext-tokenizer": "*",
                "ext-xmlwriter": "*",
                "php": ">=5.4.0"
            },
            "require-dev": {
                "phpunit/phpunit": "^4.0 || ^5.0 || ^6.0 || ^7.0"
            },
            "default-branch": true,
            "bin": [
                "bin/phpcs",
                "bin/phpcbf"
            ],
            "type": "library",
            "extra": {
                "branch-alias": {
                    "dev-master": "3.x-dev"
                }
            },
            "notification-url": "https://packagist.org/downloads/",
            "license": [
                "BSD-3-Clause"
            ],
            "authors": [
                {
                    "name": "Greg Sherwood",
                    "role": "lead"
                }
            ],
            "description": "PHP_CodeSniffer tokenizes PHP, JavaScript and CSS files and detects violations of a defined set of coding standards.",
            "homepage": "https://github.com/squizlabs/PHP_CodeSniffer",
            "keywords": [
                "phpcs",
                "standards"
            ],
            "support": {
                "issues": "https://github.com/squizlabs/PHP_CodeSniffer/issues",
                "source": "https://github.com/squizlabs/PHP_CodeSniffer",
                "wiki": "https://github.com/squizlabs/PHP_CodeSniffer/wiki"
            },
            "time": "2021-10-11T04:00:11+00:00"
        },
        {
            "name": "symfony/deprecation-contracts",
            "version": "2.5.x-dev",
            "source": {
                "type": "git",
                "url": "https://github.com/symfony/deprecation-contracts.git",
                "reference": "6f981ee24cf69ee7ce9736146d1c57c2780598a8"
            },
            "dist": {
                "type": "zip",
                "url": "https://api.github.com/repos/symfony/deprecation-contracts/zipball/6f981ee24cf69ee7ce9736146d1c57c2780598a8",
                "reference": "6f981ee24cf69ee7ce9736146d1c57c2780598a8",
                "shasum": ""
            },
            "require": {
                "php": ">=7.1"
            },
            "type": "library",
            "extra": {
                "branch-alias": {
                    "dev-main": "2.5-dev"
                },
                "thanks": {
                    "name": "symfony/contracts",
                    "url": "https://github.com/symfony/contracts"
                }
            },
            "autoload": {
                "files": [
                    "function.php"
                ]
            },
            "notification-url": "https://packagist.org/downloads/",
            "license": [
                "MIT"
            ],
            "authors": [
                {
                    "name": "Nicolas Grekas",
                    "email": "p@tchwork.com"
                },
                {
                    "name": "Symfony Community",
                    "homepage": "https://symfony.com/contributors"
                }
            ],
            "description": "A generic function and convention to trigger deprecation notices",
            "homepage": "https://symfony.com",
            "support": {
                "source": "https://github.com/symfony/deprecation-contracts/tree/main"
            },
            "funding": [
                {
                    "url": "https://symfony.com/sponsor",
                    "type": "custom"
                },
                {
                    "url": "https://github.com/fabpot",
                    "type": "github"
                },
                {
                    "url": "https://tidelift.com/funding/github/packagist/symfony/symfony",
                    "type": "tidelift"
                }
            ],
            "time": "2021-07-12T14:48:14+00:00"
        },
        {
            "name": "symfony/polyfill-ctype",
            "version": "dev-main",
            "source": {
                "type": "git",
                "url": "https://github.com/symfony/polyfill-ctype.git",
                "reference": "30885182c981ab175d4d034db0f6f469898070ab"
            },
            "dist": {
                "type": "zip",
                "url": "https://api.github.com/repos/symfony/polyfill-ctype/zipball/30885182c981ab175d4d034db0f6f469898070ab",
                "reference": "30885182c981ab175d4d034db0f6f469898070ab",
                "shasum": ""
            },
            "require": {
                "php": ">=7.1"
            },
            "provide": {
                "ext-ctype": "*"
            },
            "suggest": {
                "ext-ctype": "For best performance"
            },
            "default-branch": true,
            "type": "library",
            "extra": {
                "branch-alias": {
                    "dev-main": "1.23-dev"
                },
                "thanks": {
                    "name": "symfony/polyfill",
                    "url": "https://github.com/symfony/polyfill"
                }
            },
            "autoload": {
                "psr-4": {
                    "Symfony\\Polyfill\\Ctype\\": ""
                },
                "files": [
                    "bootstrap.php"
                ]
            },
            "notification-url": "https://packagist.org/downloads/",
            "license": [
                "MIT"
            ],
            "authors": [
                {
                    "name": "Gert de Pagter",
                    "email": "BackEndTea@gmail.com"
                },
                {
                    "name": "Symfony Community",
                    "homepage": "https://symfony.com/contributors"
                }
            ],
            "description": "Symfony polyfill for ctype functions",
            "homepage": "https://symfony.com",
            "keywords": [
                "compatibility",
                "ctype",
                "polyfill",
                "portable"
            ],
            "support": {
                "source": "https://github.com/symfony/polyfill-ctype/tree/main"
            },
            "funding": [
                {
                    "url": "https://symfony.com/sponsor",
                    "type": "custom"
                },
                {
                    "url": "https://github.com/fabpot",
                    "type": "github"
                },
                {
                    "url": "https://tidelift.com/funding/github/packagist/symfony/symfony",
                    "type": "tidelift"
                }
            ],
            "time": "2021-10-20T20:35:02+00:00"
        },
        {
            "name": "symfony/polyfill-php80",
            "version": "dev-main",
            "source": {
                "type": "git",
                "url": "https://github.com/symfony/polyfill-php80.git",
                "reference": "57b712b08eddb97c762a8caa32c84e037892d2e9"
            },
            "dist": {
                "type": "zip",
                "url": "https://api.github.com/repos/symfony/polyfill-php80/zipball/57b712b08eddb97c762a8caa32c84e037892d2e9",
                "reference": "57b712b08eddb97c762a8caa32c84e037892d2e9",
                "shasum": ""
            },
            "require": {
                "php": ">=7.1"
            },
            "default-branch": true,
            "type": "library",
            "extra": {
                "branch-alias": {
                    "dev-main": "1.23-dev"
                },
                "thanks": {
                    "name": "symfony/polyfill",
                    "url": "https://github.com/symfony/polyfill"
                }
            },
            "autoload": {
                "psr-4": {
                    "Symfony\\Polyfill\\Php80\\": ""
                },
                "files": [
                    "bootstrap.php"
                ],
                "classmap": [
                    "Resources/stubs"
                ]
            },
            "notification-url": "https://packagist.org/downloads/",
            "license": [
                "MIT"
            ],
            "authors": [
                {
                    "name": "Ion Bazan",
                    "email": "ion.bazan@gmail.com"
                },
                {
                    "name": "Nicolas Grekas",
                    "email": "p@tchwork.com"
                },
                {
                    "name": "Symfony Community",
                    "homepage": "https://symfony.com/contributors"
                }
            ],
            "description": "Symfony polyfill backporting some PHP 8.0+ features to lower PHP versions",
            "homepage": "https://symfony.com",
            "keywords": [
                "compatibility",
                "polyfill",
                "portable",
                "shim"
            ],
            "support": {
                "source": "https://github.com/symfony/polyfill-php80/tree/main"
            },
            "funding": [
                {
                    "url": "https://symfony.com/sponsor",
                    "type": "custom"
                },
                {
                    "url": "https://github.com/fabpot",
                    "type": "github"
                },
                {
                    "url": "https://tidelift.com/funding/github/packagist/symfony/symfony",
                    "type": "tidelift"
                }
            ],
            "time": "2021-09-13T13:58:33+00:00"
        },
        {
            "name": "symfony/polyfill-php81",
            "version": "dev-main",
            "source": {
                "type": "git",
                "url": "https://github.com/symfony/polyfill-php81.git",
                "reference": "5de4ba2d41b15f9bd0e19b2ab9674135813ec98f"
            },
            "dist": {
                "type": "zip",
                "url": "https://api.github.com/repos/symfony/polyfill-php81/zipball/5de4ba2d41b15f9bd0e19b2ab9674135813ec98f",
                "reference": "5de4ba2d41b15f9bd0e19b2ab9674135813ec98f",
                "shasum": ""
            },
            "require": {
                "php": ">=7.1"
            },
            "default-branch": true,
            "type": "library",
            "extra": {
                "branch-alias": {
                    "dev-main": "1.23-dev"
                },
                "thanks": {
                    "name": "symfony/polyfill",
                    "url": "https://github.com/symfony/polyfill"
                }
            },
            "autoload": {
                "psr-4": {
                    "Symfony\\Polyfill\\Php81\\": ""
                },
                "files": [
                    "bootstrap.php"
                ],
                "classmap": [
                    "Resources/stubs"
                ]
            },
            "notification-url": "https://packagist.org/downloads/",
            "license": [
                "MIT"
            ],
            "authors": [
                {
                    "name": "Nicolas Grekas",
                    "email": "p@tchwork.com"
                },
                {
                    "name": "Symfony Community",
                    "homepage": "https://symfony.com/contributors"
                }
            ],
            "description": "Symfony polyfill backporting some PHP 8.1+ features to lower PHP versions",
            "homepage": "https://symfony.com",
            "keywords": [
                "compatibility",
                "polyfill",
                "portable",
                "shim"
            ],
            "support": {
                "source": "https://github.com/symfony/polyfill-php81/tree/main"
            },
            "funding": [
                {
                    "url": "https://symfony.com/sponsor",
                    "type": "custom"
                },
                {
                    "url": "https://github.com/fabpot",
                    "type": "github"
                },
                {
                    "url": "https://tidelift.com/funding/github/packagist/symfony/symfony",
                    "type": "tidelift"
                }
            ],
            "time": "2021-09-13T13:58:11+00:00"
        },
        {
            "name": "symfony/yaml",
            "version": "5.4.x-dev",
            "source": {
                "type": "git",
                "url": "https://github.com/symfony/yaml.git",
                "reference": "ac328252ede78c25de0981aee0e9032799fe6a69"
            },
            "dist": {
                "type": "zip",
                "url": "https://api.github.com/repos/symfony/yaml/zipball/ac328252ede78c25de0981aee0e9032799fe6a69",
                "reference": "ac328252ede78c25de0981aee0e9032799fe6a69",
                "shasum": ""
            },
            "require": {
                "php": ">=7.2.5",
                "symfony/deprecation-contracts": "^2.1",
                "symfony/polyfill-ctype": "^1.8",
                "symfony/polyfill-php80": "^1.16",
                "symfony/polyfill-php81": "^1.22"
            },
            "conflict": {
                "symfony/console": "<5.3"
            },
            "require-dev": {
                "symfony/console": "^5.3|^6.0"
            },
            "suggest": {
                "symfony/console": "For validating YAML files using the lint command"
            },
            "bin": [
                "Resources/bin/yaml-lint"
            ],
            "type": "library",
            "autoload": {
                "psr-4": {
                    "Symfony\\Component\\Yaml\\": ""
                },
                "exclude-from-classmap": [
                    "/Tests/"
                ]
            },
            "notification-url": "https://packagist.org/downloads/",
            "license": [
                "MIT"
            ],
            "authors": [
                {
                    "name": "Fabien Potencier",
                    "email": "fabien@symfony.com"
                },
                {
                    "name": "Symfony Community",
                    "homepage": "https://symfony.com/contributors"
                }
            ],
            "description": "Loads and dumps YAML files",
            "homepage": "https://symfony.com",
            "support": {
                "source": "https://github.com/symfony/yaml/tree/5.4"
            },
            "funding": [
                {
                    "url": "https://symfony.com/sponsor",
                    "type": "custom"
                },
                {
                    "url": "https://github.com/fabpot",
                    "type": "github"
                },
                {
                    "url": "https://tidelift.com/funding/github/packagist/symfony/symfony",
                    "type": "tidelift"
                }
            ],
            "time": "2021-10-23T20:37:48+00:00"
        }
    ],
    "aliases": [],
    "minimum-stability": "dev",
    "stability-flags": {
        "drupal/coder": 20
    },
    "prefer-stable": false,
    "prefer-lowest": false,
    "platform": [],
    "platform-dev": [],
    "plugin-api-version": "2.1.0"
}
